
Microsoft Visual Studio Solution File, Format Version 12.00
# Visual Studio 15
VisualStudioVersion = 15.0.27130.2020
MinimumVisualStudioVersion = 10.0.40219.1
Project("{8BC9CEB8-8B4A-11D0-8D11-00A0C91BC942}") = "libCreate", "libCreate\libCreate.vcxproj", "{135E7E4C-9994-4B27-8AE7-280685624536}"
EndProject
Project("{8BC9CEB8-8B4A-11D0-8D11-00A0C91BC942}") = "Project2", "Project2\Project2.vcxproj", "{57BC7F43-CA24-4F8E-B25C-9FCBC62FF27D}"
EndProject
Global
	GlobalSection(SolutionConfigurationPlatforms) = preSolution
		Debug|x64 = Debug|x64
		Debug|x86 = Debug|x86
		Release|x64 = Release|x64
		Release|x86 = Release|x86
	EndGlobalSection
	GlobalSection(ProjectConfigurationPlatforms) = postSolution
		{135E7E4C-9994-4B27-8AE7-280685624536}.Debug|x64.ActiveCfg = Debug|x64
		{135E7E4C-9994-4B27-8AE7-280685624536}.Debug|x64.Build.0 = Debug|x64
		{135E7E4C-9994-4B27-8AE7-280685624536}.Debug|x86.ActiveCfg = Debug|Win32
		{135E7E4C-9994-4B27-8AE7-280685624536}.Debug|x86.Build.0 = Debug|Win32
		{135E7E4C-9994-4B27-8AE7-280685624536}.Release|x64.ActiveCfg = Release|x64
		{135E7E4C-9994-4B27-8AE7-280685624536}.Release|x64.Build.0 = Release|x64
		{135E7E4C-9994-4B27-8AE7-280685624536}.Release|x86.ActiveCfg = Release|Win32
		{135E7E4C-9994-4B27-8AE7-280685624536}.Release|x86.Build.0 = Release|Win32
		{57BC7F43-CA24-4F8E-B25C-9FCBC62FF27D}.Debug|x64.ActiveCfg = Debug|x64
		{57BC7F43-CA24-4F8E-B25C-9FCBC62FF27D}.Debug|x64.Build.0 = Debug|x64
		{57BC7F43-CA24-4F8E-B25C-9FCBC62FF27D}.Debug|x86.ActiveCfg = Debug|Win32
		{57BC7F43-CA24-4F8E-B25C-9FCBC62FF27D}.Debug|x86.Build.0 = Debug|Win32
		{57BC7F43-CA24-4F8E-B25C-9FCBC62FF27D}.Release|x64.ActiveCfg = Release|x64
		{57BC7F43-CA24-4F8E-B25C-9FCBC62FF27D}.Release|x64.Build.0 = Release|x64
		{57BC7F43-CA24-4F8E-B25C-9FCBC62FF27D}.Release|x86.ActiveCfg = Release|Win32
		{57BC7F43-CA24-4F8E-B25C-9FCBC62FF27D}.Release|x86.Build.0 = Release|Win32
	EndGlobalSection
	GlobalSection(SolutionProperties) = preSolution
		HideSolutionNode = FALSE
	EndGlobalSection
	GlobalSection(ExtensibilityGlobals) = postSolution
		SolutionGuid = {0B78791B-8ABA-46F5-A5DD-CFF750601A38}
	EndGlobalSection
EndGlobal
